
Microsoft Visual Studio Solution File, Format Version 12.00
# Visual Studio Version 17
VisualStudioVersion = 17.2.32616.157
MinimumVisualStudioVersion = 10.0.40219.1
Project("{FAE04EC0-301F-11D3-BF4B-00C04F79EFBC}") = "ColeccionStackT", "ColeccionStackT\ColeccionStackT.csproj", "{DF708FB3-1F01-45F0-A2F5-C0A9C79567EA}"
EndProject
Global
	GlobalSection(SolutionConfigurationPlatforms) = preSolution
		Debug|Any CPU = Debug|Any CPU
		Release|Any CPU = Release|Any CPU
	EndGlobalSection
	GlobalSection(ProjectConfigurationPlatforms) = postSolution
		{DF708FB3-1F01-45F0-A2F5-C0A9C79567EA}.Debug|Any CPU.ActiveCfg = Debug|Any CPU
		{DF708FB3-1F01-45F0-A2F5-C0A9C79567EA}.Debug|Any CPU.Build.0 = Debug|Any CPU
		{DF708FB3-1F01-45F0-A2F5-C0A9C79567EA}.Release|Any CPU.ActiveCfg = Release|Any CPU
		{DF708FB3-1F01-45F0-A2F5-C0A9C79567EA}.Release|Any CPU.Build.0 = Release|Any CPU
	EndGlobalSection
	GlobalSection(SolutionProperties) = preSolution
		HideSolutionNode = FALSE
	EndGlobalSection
	GlobalSection(ExtensibilityGlobals) = postSolution
		SolutionGuid = {2DE9C2CA-4BA1-4D8F-B3F4-9286A6B56746}
	EndGlobalSection
EndGlobal
